{
  "name": "supertrend-crypto-bot",
  "lockfileVersion": 2,
  "requires": true,
  "packages": {
    "": {
      "dependencies": {
        "dygraphs": "^2.1.0"
      }
    },
    "node_modules/dygraphs": {
      "version": "2.1.0",
      "resolved": "https://registry.npmjs.org/dygraphs/-/dygraphs-2.1.0.tgz",
      "integrity": "sha512-9HolkIiAwqymYen/kqIVVtE5bkRVoyCNnStbczLL+Xr/OuZlO0tc/8K7PiVkEob3212uLNmnzWC57TSSwpuvdw=="
    }
  },
  "dependencies": {
    "dygraphs": {
      "version": "2.1.0",
      "resolved": "https://registry.npmjs.org/dygraphs/-/dygraphs-2.1.0.tgz",
      "integrity": "sha512-9HolkIiAwqymYen/kqIVVtE5bkRVoyCNnStbczLL+Xr/OuZlO0tc/8K7PiVkEob3212uLNmnzWC57TSSwpuvdw=="
    }
  }
}
